
Microsoft Visual Studio Solution File, Format Version 12.00
# Visual Studio Version 16
VisualStudioVersion = 16.0.30406.217
MinimumVisualStudioVersion = 10.0.40219.1
Project("{9A19103F-16F7-4668-BE54-9A1E7A4F7556}") = "Course", "Course.csproj", "{2CC1E997-EC83-4BA8-AFD0-2B51BD4C1A69}"
EndProject
Project("{9A19103F-16F7-4668-BE54-9A1E7A4F7556}") = "Exercicio01", "..\Exercicio01\Exercicio01.csproj", "{93911EC9-1BD1-4DF5-B8FB-D27611333C53}"
EndProject
Project("{FAE04EC0-301F-11D3-BF4B-00C04F79EFBC}") = "EntradaDados", "..\EntradaDados\EntradaDados.csproj", "{B2F09877-1D73-407D-9C32-D9885D37813A}"
EndProject
Global
	GlobalSection(SolutionConfigurationPlatforms) = preSolution
		Debug|Any CPU = Debug|Any CPU
		Release|Any CPU = Release|Any CPU
	EndGlobalSection
	GlobalSection(ProjectConfigurationPlatforms) = postSolution
		{2CC1E997-EC83-4BA8-AFD0-2B51BD4C1A69}.Debug|Any CPU.ActiveCfg = Debug|Any CPU
		{2CC1E997-EC83-4BA8-AFD0-2B51BD4C1A69}.Debug|Any CPU.Build.0 = Debug|Any CPU
		{2CC1E997-EC83-4BA8-AFD0-2B51BD4C1A69}.Release|Any CPU.ActiveCfg = Release|Any CPU
		{2CC1E997-EC83-4BA8-AFD0-2B51BD4C1A69}.Release|Any CPU.Build.0 = Release|Any CPU
		{93911EC9-1BD1-4DF5-B8FB-D27611333C53}.Debug|Any CPU.ActiveCfg = Debug|Any CPU
		{93911EC9-1BD1-4DF5-B8FB-D27611333C53}.Debug|Any CPU.Build.0 = Debug|Any CPU
		{93911EC9-1BD1-4DF5-B8FB-D27611333C53}.Release|Any CPU.ActiveCfg = Release|Any CPU
		{93911EC9-1BD1-4DF5-B8FB-D27611333C53}.Release|Any CPU.Build.0 = Release|Any CPU
		{B2F09877-1D73-407D-9C32-D9885D37813A}.Debug|Any CPU.ActiveCfg = Debug|Any CPU
		{B2F09877-1D73-407D-9C32-D9885D37813A}.Debug|Any CPU.Build.0 = Debug|Any CPU
		{B2F09877-1D73-407D-9C32-D9885D37813A}.Release|Any CPU.ActiveCfg = Release|Any CPU
		{B2F09877-1D73-407D-9C32-D9885D37813A}.Release|Any CPU.Build.0 = Release|Any CPU
	EndGlobalSection
	GlobalSection(SolutionProperties) = preSolution
		HideSolutionNode = FALSE
	EndGlobalSection
	GlobalSection(ExtensibilityGlobals) = postSolution
		SolutionGuid = {70D517AC-E925-442F-A701-356B41CBD107}
	EndGlobalSection
EndGlobal
