
Microsoft Visual Studio Solution File, Format Version 12.00
# Visual Studio Version 16
VisualStudioVersion = 16.0.30406.217
MinimumVisualStudioVersion = 10.0.40219.1
Project("{9A19103F-16F7-4668-BE54-9A1E7A4F7556}") = "Course", "Course.csproj", "{2CC1E997-EC83-4BA8-AFD0-2B51BD4C1A69}"
EndProject
Project("{9A19103F-16F7-4668-BE54-9A1E7A4F7556}") = "Exercicio01", "..\Exercicio01\Exercicio01.csproj", "{93911EC9-1BD1-4DF5-B8FB-D27611333C53}"
EndProject
Project("{9A19103F-16F7-4668-BE54-9A1E7A4F7556}") = "EntradaDados", "..\EntradaDados\EntradaDados.csproj", "{B2F09877-1D73-407D-9C32-D9885D37813A}"
EndProject
Project("{9A19103F-16F7-4668-BE54-9A1E7A4F7556}") = "Exercicio02", "..\Exercicio02\Exercicio02.csproj", "{D49EE275-BFC9-4D6D-A748-A1CA6C5EC996}"
EndProject
Project("{9A19103F-16F7-4668-BE54-9A1E7A4F7556}") = "Exercicio03", "..\Exercicio03\Exercicio03.csproj", "{6C139E6C-3D1D-44C2-B019-3A9FF2C8B123}"
EndProject
Project("{9A19103F-16F7-4668-BE54-9A1E7A4F7556}") = "ExercicioClasse", "..\ExercicioClasse\ExercicioClasse.csproj", "{27F6CB95-5667-4F87-BF4D-9A9BB809D80B}"
EndProject
Project("{9A19103F-16F7-4668-BE54-9A1E7A4F7556}") = "Exercicio04", "..\Exercicio04\Exercicio04.csproj", "{2553A926-C055-47D3-AA8C-591E6079D5AB}"
EndProject
Project("{9A19103F-16F7-4668-BE54-9A1E7A4F7556}") = "Exercicio05", "..\Exercicio05\Exercicio05.csproj", "{4449C9EF-A5D1-4476-B072-59A33B4A9640}"
EndProject
Project("{9A19103F-16F7-4668-BE54-9A1E7A4F7556}") = "Folha", "..\Folha\Folha.csproj", "{9CD6BC50-10DF-4120-B5D2-1730B42803E1}"
EndProject
Project("{9A19103F-16F7-4668-BE54-9A1E7A4F7556}") = "Media", "..\Media\Media.csproj", "{B8E0607F-42AB-413B-978E-952CEA22BD88}"
EndProject
Project("{9A19103F-16F7-4668-BE54-9A1E7A4F7556}") = "Banco", "..\Banco\Banco.csproj", "{BFA367DA-1462-41F4-B952-4C84E0BB25F5}"
EndProject
Project("{9A19103F-16F7-4668-BE54-9A1E7A4F7556}") = "Vector", "..\Vector\Vector.csproj", "{F6ADC3DB-2508-4999-8254-4DEF534B365B}"
EndProject
Project("{9A19103F-16F7-4668-BE54-9A1E7A4F7556}") = "Vetor1", "..\Vetor1\Vetor1.csproj", "{EDCF18C9-1A09-4A35-97CD-F09665BC4C73}"
EndProject
Project("{9A19103F-16F7-4668-BE54-9A1E7A4F7556}") = "Aluguel", "..\Aluguel\Aluguel.csproj", "{6BD732FA-EB14-4010-86D5-7A0183C94B21}"
EndProject
Project("{9A19103F-16F7-4668-BE54-9A1E7A4F7556}") = "Params", "..\Params\Params.csproj", "{CED7740F-1519-45E1-A514-9A285086AD2D}"
EndProject
Project("{9A19103F-16F7-4668-BE54-9A1E7A4F7556}") = "RefAndOut", "..\RefAndOut\RefAndOut.csproj", "{33C0A6D8-1496-4610-ACCE-910658ED07F4}"
EndProject
Project("{9A19103F-16F7-4668-BE54-9A1E7A4F7556}") = "BoxingUnboxing", "..\BoxingUnboxing\BoxingUnboxing.csproj", "{7C46DDA2-16D7-4D2C-B825-4496E19586C1}"
EndProject
Project("{9A19103F-16F7-4668-BE54-9A1E7A4F7556}") = "ForEach", "..\ForEach\ForEach.csproj", "{4DCC441E-5C81-48D9-9278-9FC8B86F1046}"
EndProject
Project("{9A19103F-16F7-4668-BE54-9A1E7A4F7556}") = "Lista", "..\Lista\Lista.csproj", "{54F401CF-2EE7-42B1-9CFD-22CD38421A19}"
EndProject
Project("{9A19103F-16F7-4668-BE54-9A1E7A4F7556}") = "Lista1", "..\Lista1\Lista1.csproj", "{21463CA6-D03B-40D6-B6B3-04A6B9C4E4BC}"
EndProject
Project("{9A19103F-16F7-4668-BE54-9A1E7A4F7556}") = "Matriz", "..\Matriz\Matriz.csproj", "{A3D8BF89-3ED1-448B-B8ED-80C8EA5B21A1}"
EndProject
Project("{9A19103F-16F7-4668-BE54-9A1E7A4F7556}") = "Matriz1", "..\Matriz1\Matriz1.csproj", "{F81492A0-BD9E-4390-9E53-D835FECF97A9}"
EndProject
Project("{9A19103F-16F7-4668-BE54-9A1E7A4F7556}") = "Matriz2", "..\Matriz2\Matriz2.csproj", "{254B7B07-7EA0-4A3A-860B-5F878DF0467C}"
EndProject
Project("{9A19103F-16F7-4668-BE54-9A1E7A4F7556}") = "VarSwitchExpressao", "..\VarSwitchExpressao\VarSwitchExpressao.csproj", "{D96169EA-98EC-4019-BAF3-3778FFCC37F9}"
EndProject
Project("{9A19103F-16F7-4668-BE54-9A1E7A4F7556}") = "Strings", "..\Strings\Strings.csproj", "{77110ED7-5E9C-4CD9-8AE5-FA936BA0126D}"
EndProject
Project("{9A19103F-16F7-4668-BE54-9A1E7A4F7556}") = "DateTimeExample", "..\DateTimeExample\DateTimeExample.csproj", "{15F124E9-2C56-4B4B-A3AC-C3453B723B32}"
EndProject
Project("{9A19103F-16F7-4668-BE54-9A1E7A4F7556}") = "TimeSpanExample", "..\TimeSpanExample\TimeSpanExample.csproj", "{CB9FEC46-C037-4C0C-82FB-BBC1D3D83EBF}"
EndProject
Project("{9A19103F-16F7-4668-BE54-9A1E7A4F7556}") = "EnumExample", "..\EnumExample\EnumExample.csproj", "{15755ABC-33D4-4874-9670-DDBFA65128A1}"
EndProject
Project("{9A19103F-16F7-4668-BE54-9A1E7A4F7556}") = "CompositionExample", "..\CompositionExample\CompositionExample.csproj", "{D4B3FA2E-4350-4735-8644-36504F55D521}"
EndProject
Project("{9A19103F-16F7-4668-BE54-9A1E7A4F7556}") = "StringBuilderExample", "..\StringBuilderExample\StringBuilderExample.csproj", "{5BE35DAB-D568-4A35-8536-CC9973EC1B4F}"
EndProject
Project("{9A19103F-16F7-4668-BE54-9A1E7A4F7556}") = "Pedidos", "..\Pedidos\Pedidos.csproj", "{B7B8DA48-28AE-46C7-AEDB-0B35B6683AC2}"
EndProject
Project("{9A19103F-16F7-4668-BE54-9A1E7A4F7556}") = "Enterprise1", "..\Enterprise1\Enterprise1.csproj", "{6A9D78AF-93CB-4124-B0EF-8058BF02B704}"
EndProject
Project("{9A19103F-16F7-4668-BE54-9A1E7A4F7556}") = "Reservation", "..\Reservation\Reservation.csproj", "{0A1CDD7F-205E-4205-90A9-82DB62D94BE8}"
EndProject
Project("{9A19103F-16F7-4668-BE54-9A1E7A4F7556}") = "FileAndFileInfo", "..\FileAndFileInfo\FileAndFileInfo.csproj", "{6F61A404-64F2-47E9-96EA-8BC84EEBD834}"
EndProject
Project("{9A19103F-16F7-4668-BE54-9A1E7A4F7556}") = "FileStreamAndStreamReader", "..\FileStreamAndStreamReader\FileStreamAndStreamReader.csproj", "{F700357A-6C0C-4BCC-A64D-4BA2DAA35BE8}"
EndProject
Project("{9A19103F-16F7-4668-BE54-9A1E7A4F7556}") = "FileUsingBlock", "..\FileUsingBlock\FileUsingBlock.csproj", "{B398D81B-B89F-409D-AB47-9DB06E7A0EA8}"
EndProject
Project("{9A19103F-16F7-4668-BE54-9A1E7A4F7556}") = "FileStreamWriter", "..\FileStreamWriter\FileStreamWriter.csproj", "{83745296-8F9B-4C89-82AC-10A584D9CE23}"
EndProject
Project("{9A19103F-16F7-4668-BE54-9A1E7A4F7556}") = "DirectoryAndDirectoryInfo", "..\DirectoryAndDirectoryInfo\DirectoryAndDirectoryInfo.csproj", "{266C38E5-A279-4C63-9C53-CC8FAE1193D2}"
EndProject
Project("{9A19103F-16F7-4668-BE54-9A1E7A4F7556}") = "PathExample", "..\PathExample\PathExample.csproj", "{EAF2F340-9D8C-4FED-B6A1-0A85DE64A40D}"
EndProject
Project("{9A19103F-16F7-4668-BE54-9A1E7A4F7556}") = "InterfaceExample", "..\InterfaceExample\InterfaceExample.csproj", "{5B669FBC-D139-4BB0-A673-40C1E0DD023B}"
EndProject
Project("{9A19103F-16F7-4668-BE54-9A1E7A4F7556}") = "IComparableExample", "..\IComparableExample\IComparableExample.csproj", "{DFDE306B-58B0-41F9-8287-79C2E8877CEF}"
EndProject
Project("{9A19103F-16F7-4668-BE54-9A1E7A4F7556}") = "GenericExample", "..\GenericExample\GenericExample.csproj", "{137CA617-DE46-4466-97AD-99588D94FAA2}"
EndProject
Project("{9A19103F-16F7-4668-BE54-9A1E7A4F7556}") = "EqualsAndHashCode", "..\EqualsAndHashCode\EqualsAndHashCode.csproj", "{8B11A39C-A9B9-4E31-B9E6-0F116F165F6C}"
EndProject
Project("{9A19103F-16F7-4668-BE54-9A1E7A4F7556}") = "HashSetAndSortedSet", "..\HashSetAndSortedSet\HashSetAndSortedSet.csproj", "{433802D1-DACD-403D-BFD5-1CFF0CA21A72}"
EndProject
Project("{9A19103F-16F7-4668-BE54-9A1E7A4F7556}") = "HashExampleComprareEquality", "..\HashExampleComprareEquality\HashExampleComprareEquality.csproj", "{1C580227-9605-49ED-A4AD-28CC51EE02FF}"
EndProject
Project("{9A19103F-16F7-4668-BE54-9A1E7A4F7556}") = "ConjuntSet", "..\ConjuntSet\ConjuntSet.csproj", "{BE97AB5E-B2A3-47DC-A300-061F8B44B613}"
EndProject
Project("{9A19103F-16F7-4668-BE54-9A1E7A4F7556}") = "DictionaryExample", "..\DictionaryExample\DictionaryExample.csproj", "{1F2C59D9-E8EA-4075-ADF0-057C2F4D2AD0}"
EndProject
Project("{9A19103F-16F7-4668-BE54-9A1E7A4F7556}") = "ExtensionMethod", "..\ExtensionMethod\ExtensionMethod.csproj", "{54C41837-C2B1-468D-9AD2-CAEEC563C028}"
EndProject
Project("{9A19103F-16F7-4668-BE54-9A1E7A4F7556}") = "ComparisonExample", "..\ComparisonExample\ComparisonExample.csproj", "{E30ED048-49F3-4FCA-AAA5-F2DEC712DCEE}"
EndProject
Project("{9A19103F-16F7-4668-BE54-9A1E7A4F7556}") = "DelegateExample", "..\DelegateExample\DelegateExample.csproj", "{95498C4C-3DAF-4845-857F-222A91E501E4}"
EndProject
Project("{9A19103F-16F7-4668-BE54-9A1E7A4F7556}") = "DelegatePredicate", "..\DelegatePredicate\DelegatePredicate.csproj", "{E3074CDF-448B-4ECC-A490-E15BD2280CED}"
EndProject
Project("{9A19103F-16F7-4668-BE54-9A1E7A4F7556}") = "ActionExample", "..\ActionExample\ActionExample.csproj", "{4D475360-34B4-4A9F-9F74-E9B70EEA09B9}"
EndProject
Project("{9A19103F-16F7-4668-BE54-9A1E7A4F7556}") = "DelegateFunc", "..\DelegateFunc\DelegateFunc.csproj", "{4736BBAB-62C6-451D-99FC-8E5BE45FE14F}"
EndProject
Project("{9A19103F-16F7-4668-BE54-9A1E7A4F7556}") = "LINQExample", "..\LINQExample\LINQExample.csproj", "{52B766CD-EC6B-4D1A-809C-475AE05A8020}"
EndProject
Project("{9A19103F-16F7-4668-BE54-9A1E7A4F7556}") = "LINQWithLambda", "..\LINQWithLambda\LINQWithLambda.csproj", "{400C0155-B7D1-4132-B2AE-3D972396F85F}"
EndProject
Project("{9A19103F-16F7-4668-BE54-9A1E7A4F7556}") = "LINQExercise", "..\LINQExercise\LINQExercise.csproj", "{8ECFE60C-E196-4130-B90B-D6708167BF36}"
EndProject
Project("{9A19103F-16F7-4668-BE54-9A1E7A4F7556}") = "SalesWebMVC", "..\SalesWebMVC\SalesWebMVC.csproj", "{E08C8A68-F1CD-40E7-9741-33A43B4A4B2C}"
EndProject
Project("{FAE04EC0-301F-11D3-BF4B-00C04F79EFBC}") = "WebApplication1", "..\WebApplication1\WebApplication1.csproj", "{C6325A36-741C-4CC7-9976-4EB43E3E6702}"
EndProject
Global
	GlobalSection(SolutionConfigurationPlatforms) = preSolution
		Debug|Any CPU = Debug|Any CPU
		Release|Any CPU = Release|Any CPU
	EndGlobalSection
	GlobalSection(ProjectConfigurationPlatforms) = postSolution
		{2CC1E997-EC83-4BA8-AFD0-2B51BD4C1A69}.Debug|Any CPU.ActiveCfg = Debug|Any CPU
		{2CC1E997-EC83-4BA8-AFD0-2B51BD4C1A69}.Debug|Any CPU.Build.0 = Debug|Any CPU
		{2CC1E997-EC83-4BA8-AFD0-2B51BD4C1A69}.Release|Any CPU.ActiveCfg = Release|Any CPU
		{2CC1E997-EC83-4BA8-AFD0-2B51BD4C1A69}.Release|Any CPU.Build.0 = Release|Any CPU
		{93911EC9-1BD1-4DF5-B8FB-D27611333C53}.Debug|Any CPU.ActiveCfg = Debug|Any CPU
		{93911EC9-1BD1-4DF5-B8FB-D27611333C53}.Debug|Any CPU.Build.0 = Debug|Any CPU
		{93911EC9-1BD1-4DF5-B8FB-D27611333C53}.Release|Any CPU.ActiveCfg = Release|Any CPU
		{93911EC9-1BD1-4DF5-B8FB-D27611333C53}.Release|Any CPU.Build.0 = Release|Any CPU
		{B2F09877-1D73-407D-9C32-D9885D37813A}.Debug|Any CPU.ActiveCfg = Debug|Any CPU
		{B2F09877-1D73-407D-9C32-D9885D37813A}.Debug|Any CPU.Build.0 = Debug|Any CPU
		{B2F09877-1D73-407D-9C32-D9885D37813A}.Release|Any CPU.ActiveCfg = Release|Any CPU
		{B2F09877-1D73-407D-9C32-D9885D37813A}.Release|Any CPU.Build.0 = Release|Any CPU
		{D49EE275-BFC9-4D6D-A748-A1CA6C5EC996}.Debug|Any CPU.ActiveCfg = Debug|Any CPU
		{D49EE275-BFC9-4D6D-A748-A1CA6C5EC996}.Debug|Any CPU.Build.0 = Debug|Any CPU
		{D49EE275-BFC9-4D6D-A748-A1CA6C5EC996}.Release|Any CPU.ActiveCfg = Release|Any CPU
		{D49EE275-BFC9-4D6D-A748-A1CA6C5EC996}.Release|Any CPU.Build.0 = Release|Any CPU
		{6C139E6C-3D1D-44C2-B019-3A9FF2C8B123}.Debug|Any CPU.ActiveCfg = Debug|Any CPU
		{6C139E6C-3D1D-44C2-B019-3A9FF2C8B123}.Debug|Any CPU.Build.0 = Debug|Any CPU
		{6C139E6C-3D1D-44C2-B019-3A9FF2C8B123}.Release|Any CPU.ActiveCfg = Release|Any CPU
		{6C139E6C-3D1D-44C2-B019-3A9FF2C8B123}.Release|Any CPU.Build.0 = Release|Any CPU
		{27F6CB95-5667-4F87-BF4D-9A9BB809D80B}.Debug|Any CPU.ActiveCfg = Debug|Any CPU
		{27F6CB95-5667-4F87-BF4D-9A9BB809D80B}.Debug|Any CPU.Build.0 = Debug|Any CPU
		{27F6CB95-5667-4F87-BF4D-9A9BB809D80B}.Release|Any CPU.ActiveCfg = Release|Any CPU
		{27F6CB95-5667-4F87-BF4D-9A9BB809D80B}.Release|Any CPU.Build.0 = Release|Any CPU
		{2553A926-C055-47D3-AA8C-591E6079D5AB}.Debug|Any CPU.ActiveCfg = Debug|Any CPU
		{2553A926-C055-47D3-AA8C-591E6079D5AB}.Debug|Any CPU.Build.0 = Debug|Any CPU
		{2553A926-C055-47D3-AA8C-591E6079D5AB}.Release|Any CPU.ActiveCfg = Release|Any CPU
		{2553A926-C055-47D3-AA8C-591E6079D5AB}.Release|Any CPU.Build.0 = Release|Any CPU
		{4449C9EF-A5D1-4476-B072-59A33B4A9640}.Debug|Any CPU.ActiveCfg = Debug|Any CPU
		{4449C9EF-A5D1-4476-B072-59A33B4A9640}.Debug|Any CPU.Build.0 = Debug|Any CPU
		{4449C9EF-A5D1-4476-B072-59A33B4A9640}.Release|Any CPU.ActiveCfg = Release|Any CPU
		{4449C9EF-A5D1-4476-B072-59A33B4A9640}.Release|Any CPU.Build.0 = Release|Any CPU
		{9CD6BC50-10DF-4120-B5D2-1730B42803E1}.Debug|Any CPU.ActiveCfg = Debug|Any CPU
		{9CD6BC50-10DF-4120-B5D2-1730B42803E1}.Debug|Any CPU.Build.0 = Debug|Any CPU
		{9CD6BC50-10DF-4120-B5D2-1730B42803E1}.Release|Any CPU.ActiveCfg = Release|Any CPU
		{9CD6BC50-10DF-4120-B5D2-1730B42803E1}.Release|Any CPU.Build.0 = Release|Any CPU
		{B8E0607F-42AB-413B-978E-952CEA22BD88}.Debug|Any CPU.ActiveCfg = Debug|Any CPU
		{B8E0607F-42AB-413B-978E-952CEA22BD88}.Debug|Any CPU.Build.0 = Debug|Any CPU
		{B8E0607F-42AB-413B-978E-952CEA22BD88}.Release|Any CPU.ActiveCfg = Release|Any CPU
		{B8E0607F-42AB-413B-978E-952CEA22BD88}.Release|Any CPU.Build.0 = Release|Any CPU
		{BFA367DA-1462-41F4-B952-4C84E0BB25F5}.Debug|Any CPU.ActiveCfg = Debug|Any CPU
		{BFA367DA-1462-41F4-B952-4C84E0BB25F5}.Debug|Any CPU.Build.0 = Debug|Any CPU
		{BFA367DA-1462-41F4-B952-4C84E0BB25F5}.Release|Any CPU.ActiveCfg = Release|Any CPU
		{BFA367DA-1462-41F4-B952-4C84E0BB25F5}.Release|Any CPU.Build.0 = Release|Any CPU
		{F6ADC3DB-2508-4999-8254-4DEF534B365B}.Debug|Any CPU.ActiveCfg = Debug|Any CPU
		{F6ADC3DB-2508-4999-8254-4DEF534B365B}.Debug|Any CPU.Build.0 = Debug|Any CPU
		{F6ADC3DB-2508-4999-8254-4DEF534B365B}.Release|Any CPU.ActiveCfg = Release|Any CPU
		{F6ADC3DB-2508-4999-8254-4DEF534B365B}.Release|Any CPU.Build.0 = Release|Any CPU
		{EDCF18C9-1A09-4A35-97CD-F09665BC4C73}.Debug|Any CPU.ActiveCfg = Debug|Any CPU
		{EDCF18C9-1A09-4A35-97CD-F09665BC4C73}.Debug|Any CPU.Build.0 = Debug|Any CPU
		{EDCF18C9-1A09-4A35-97CD-F09665BC4C73}.Release|Any CPU.ActiveCfg = Release|Any CPU
		{EDCF18C9-1A09-4A35-97CD-F09665BC4C73}.Release|Any CPU.Build.0 = Release|Any CPU
		{6BD732FA-EB14-4010-86D5-7A0183C94B21}.Debug|Any CPU.ActiveCfg = Debug|Any CPU
		{6BD732FA-EB14-4010-86D5-7A0183C94B21}.Debug|Any CPU.Build.0 = Debug|Any CPU
		{6BD732FA-EB14-4010-86D5-7A0183C94B21}.Release|Any CPU.ActiveCfg = Release|Any CPU
		{6BD732FA-EB14-4010-86D5-7A0183C94B21}.Release|Any CPU.Build.0 = Release|Any CPU
		{CED7740F-1519-45E1-A514-9A285086AD2D}.Debug|Any CPU.ActiveCfg = Debug|Any CPU
		{CED7740F-1519-45E1-A514-9A285086AD2D}.Debug|Any CPU.Build.0 = Debug|Any CPU
		{CED7740F-1519-45E1-A514-9A285086AD2D}.Release|Any CPU.ActiveCfg = Release|Any CPU
		{CED7740F-1519-45E1-A514-9A285086AD2D}.Release|Any CPU.Build.0 = Release|Any CPU
		{33C0A6D8-1496-4610-ACCE-910658ED07F4}.Debug|Any CPU.ActiveCfg = Debug|Any CPU
		{33C0A6D8-1496-4610-ACCE-910658ED07F4}.Debug|Any CPU.Build.0 = Debug|Any CPU
		{33C0A6D8-1496-4610-ACCE-910658ED07F4}.Release|Any CPU.ActiveCfg = Release|Any CPU
		{33C0A6D8-1496-4610-ACCE-910658ED07F4}.Release|Any CPU.Build.0 = Release|Any CPU
		{7C46DDA2-16D7-4D2C-B825-4496E19586C1}.Debug|Any CPU.ActiveCfg = Debug|Any CPU
		{7C46DDA2-16D7-4D2C-B825-4496E19586C1}.Debug|Any CPU.Build.0 = Debug|Any CPU
		{7C46DDA2-16D7-4D2C-B825-4496E19586C1}.Release|Any CPU.ActiveCfg = Release|Any CPU
		{7C46DDA2-16D7-4D2C-B825-4496E19586C1}.Release|Any CPU.Build.0 = Release|Any CPU
		{4DCC441E-5C81-48D9-9278-9FC8B86F1046}.Debug|Any CPU.ActiveCfg = Debug|Any CPU
		{4DCC441E-5C81-48D9-9278-9FC8B86F1046}.Debug|Any CPU.Build.0 = Debug|Any CPU
		{4DCC441E-5C81-48D9-9278-9FC8B86F1046}.Release|Any CPU.ActiveCfg = Release|Any CPU
		{4DCC441E-5C81-48D9-9278-9FC8B86F1046}.Release|Any CPU.Build.0 = Release|Any CPU
		{54F401CF-2EE7-42B1-9CFD-22CD38421A19}.Debug|Any CPU.ActiveCfg = Debug|Any CPU
		{54F401CF-2EE7-42B1-9CFD-22CD38421A19}.Debug|Any CPU.Build.0 = Debug|Any CPU
		{54F401CF-2EE7-42B1-9CFD-22CD38421A19}.Release|Any CPU.ActiveCfg = Release|Any CPU
		{54F401CF-2EE7-42B1-9CFD-22CD38421A19}.Release|Any CPU.Build.0 = Release|Any CPU
		{21463CA6-D03B-40D6-B6B3-04A6B9C4E4BC}.Debug|Any CPU.ActiveCfg = Debug|Any CPU
		{21463CA6-D03B-40D6-B6B3-04A6B9C4E4BC}.Debug|Any CPU.Build.0 = Debug|Any CPU
		{21463CA6-D03B-40D6-B6B3-04A6B9C4E4BC}.Release|Any CPU.ActiveCfg = Release|Any CPU
		{21463CA6-D03B-40D6-B6B3-04A6B9C4E4BC}.Release|Any CPU.Build.0 = Release|Any CPU
		{A3D8BF89-3ED1-448B-B8ED-80C8EA5B21A1}.Debug|Any CPU.ActiveCfg = Debug|Any CPU
		{A3D8BF89-3ED1-448B-B8ED-80C8EA5B21A1}.Debug|Any CPU.Build.0 = Debug|Any CPU
		{A3D8BF89-3ED1-448B-B8ED-80C8EA5B21A1}.Release|Any CPU.ActiveCfg = Release|Any CPU
		{A3D8BF89-3ED1-448B-B8ED-80C8EA5B21A1}.Release|Any CPU.Build.0 = Release|Any CPU
		{F81492A0-BD9E-4390-9E53-D835FECF97A9}.Debug|Any CPU.ActiveCfg = Debug|Any CPU
		{F81492A0-BD9E-4390-9E53-D835FECF97A9}.Debug|Any CPU.Build.0 = Debug|Any CPU
		{F81492A0-BD9E-4390-9E53-D835FECF97A9}.Release|Any CPU.ActiveCfg = Release|Any CPU
		{F81492A0-BD9E-4390-9E53-D835FECF97A9}.Release|Any CPU.Build.0 = Release|Any CPU
		{254B7B07-7EA0-4A3A-860B-5F878DF0467C}.Debug|Any CPU.ActiveCfg = Debug|Any CPU
		{254B7B07-7EA0-4A3A-860B-5F878DF0467C}.Debug|Any CPU.Build.0 = Debug|Any CPU
		{254B7B07-7EA0-4A3A-860B-5F878DF0467C}.Release|Any CPU.ActiveCfg = Release|Any CPU
		{254B7B07-7EA0-4A3A-860B-5F878DF0467C}.Release|Any CPU.Build.0 = Release|Any CPU
		{D96169EA-98EC-4019-BAF3-3778FFCC37F9}.Debug|Any CPU.ActiveCfg = Debug|Any CPU
		{D96169EA-98EC-4019-BAF3-3778FFCC37F9}.Debug|Any CPU.Build.0 = Debug|Any CPU
		{D96169EA-98EC-4019-BAF3-3778FFCC37F9}.Release|Any CPU.ActiveCfg = Release|Any CPU
		{D96169EA-98EC-4019-BAF3-3778FFCC37F9}.Release|Any CPU.Build.0 = Release|Any CPU
		{77110ED7-5E9C-4CD9-8AE5-FA936BA0126D}.Debug|Any CPU.ActiveCfg = Debug|Any CPU
		{77110ED7-5E9C-4CD9-8AE5-FA936BA0126D}.Debug|Any CPU.Build.0 = Debug|Any CPU
		{77110ED7-5E9C-4CD9-8AE5-FA936BA0126D}.Release|Any CPU.ActiveCfg = Release|Any CPU
		{77110ED7-5E9C-4CD9-8AE5-FA936BA0126D}.Release|Any CPU.Build.0 = Release|Any CPU
		{15F124E9-2C56-4B4B-A3AC-C3453B723B32}.Debug|Any CPU.ActiveCfg = Debug|Any CPU
		{15F124E9-2C56-4B4B-A3AC-C3453B723B32}.Debug|Any CPU.Build.0 = Debug|Any CPU
		{15F124E9-2C56-4B4B-A3AC-C3453B723B32}.Release|Any CPU.ActiveCfg = Release|Any CPU
		{15F124E9-2C56-4B4B-A3AC-C3453B723B32}.Release|Any CPU.Build.0 = Release|Any CPU
		{CB9FEC46-C037-4C0C-82FB-BBC1D3D83EBF}.Debug|Any CPU.ActiveCfg = Debug|Any CPU
		{CB9FEC46-C037-4C0C-82FB-BBC1D3D83EBF}.Debug|Any CPU.Build.0 = Debug|Any CPU
		{CB9FEC46-C037-4C0C-82FB-BBC1D3D83EBF}.Release|Any CPU.ActiveCfg = Release|Any CPU
		{CB9FEC46-C037-4C0C-82FB-BBC1D3D83EBF}.Release|Any CPU.Build.0 = Release|Any CPU
		{15755ABC-33D4-4874-9670-DDBFA65128A1}.Debug|Any CPU.ActiveCfg = Debug|Any CPU
		{15755ABC-33D4-4874-9670-DDBFA65128A1}.Debug|Any CPU.Build.0 = Debug|Any CPU
		{15755ABC-33D4-4874-9670-DDBFA65128A1}.Release|Any CPU.ActiveCfg = Release|Any CPU
		{15755ABC-33D4-4874-9670-DDBFA65128A1}.Release|Any CPU.Build.0 = Release|Any CPU
		{D4B3FA2E-4350-4735-8644-36504F55D521}.Debug|Any CPU.ActiveCfg = Debug|Any CPU
		{D4B3FA2E-4350-4735-8644-36504F55D521}.Debug|Any CPU.Build.0 = Debug|Any CPU
		{D4B3FA2E-4350-4735-8644-36504F55D521}.Release|Any CPU.ActiveCfg = Release|Any CPU
		{D4B3FA2E-4350-4735-8644-36504F55D521}.Release|Any CPU.Build.0 = Release|Any CPU
		{5BE35DAB-D568-4A35-8536-CC9973EC1B4F}.Debug|Any CPU.ActiveCfg = Debug|Any CPU
		{5BE35DAB-D568-4A35-8536-CC9973EC1B4F}.Debug|Any CPU.Build.0 = Debug|Any CPU
		{5BE35DAB-D568-4A35-8536-CC9973EC1B4F}.Release|Any CPU.ActiveCfg = Release|Any CPU
		{5BE35DAB-D568-4A35-8536-CC9973EC1B4F}.Release|Any CPU.Build.0 = Release|Any CPU
		{B7B8DA48-28AE-46C7-AEDB-0B35B6683AC2}.Debug|Any CPU.ActiveCfg = Debug|Any CPU
		{B7B8DA48-28AE-46C7-AEDB-0B35B6683AC2}.Debug|Any CPU.Build.0 = Debug|Any CPU
		{B7B8DA48-28AE-46C7-AEDB-0B35B6683AC2}.Release|Any CPU.ActiveCfg = Release|Any CPU
		{B7B8DA48-28AE-46C7-AEDB-0B35B6683AC2}.Release|Any CPU.Build.0 = Release|Any CPU
		{6A9D78AF-93CB-4124-B0EF-8058BF02B704}.Debug|Any CPU.ActiveCfg = Debug|Any CPU
		{6A9D78AF-93CB-4124-B0EF-8058BF02B704}.Debug|Any CPU.Build.0 = Debug|Any CPU
		{6A9D78AF-93CB-4124-B0EF-8058BF02B704}.Release|Any CPU.ActiveCfg = Release|Any CPU
		{6A9D78AF-93CB-4124-B0EF-8058BF02B704}.Release|Any CPU.Build.0 = Release|Any CPU
		{0A1CDD7F-205E-4205-90A9-82DB62D94BE8}.Debug|Any CPU.ActiveCfg = Debug|Any CPU
		{0A1CDD7F-205E-4205-90A9-82DB62D94BE8}.Debug|Any CPU.Build.0 = Debug|Any CPU
		{0A1CDD7F-205E-4205-90A9-82DB62D94BE8}.Release|Any CPU.ActiveCfg = Release|Any CPU
		{0A1CDD7F-205E-4205-90A9-82DB62D94BE8}.Release|Any CPU.Build.0 = Release|Any CPU
		{6F61A404-64F2-47E9-96EA-8BC84EEBD834}.Debug|Any CPU.ActiveCfg = Debug|Any CPU
		{6F61A404-64F2-47E9-96EA-8BC84EEBD834}.Debug|Any CPU.Build.0 = Debug|Any CPU
		{6F61A404-64F2-47E9-96EA-8BC84EEBD834}.Release|Any CPU.ActiveCfg = Release|Any CPU
		{6F61A404-64F2-47E9-96EA-8BC84EEBD834}.Release|Any CPU.Build.0 = Release|Any CPU
		{F700357A-6C0C-4BCC-A64D-4BA2DAA35BE8}.Debug|Any CPU.ActiveCfg = Debug|Any CPU
		{F700357A-6C0C-4BCC-A64D-4BA2DAA35BE8}.Debug|Any CPU.Build.0 = Debug|Any CPU
		{F700357A-6C0C-4BCC-A64D-4BA2DAA35BE8}.Release|Any CPU.ActiveCfg = Release|Any CPU
		{F700357A-6C0C-4BCC-A64D-4BA2DAA35BE8}.Release|Any CPU.Build.0 = Release|Any CPU
		{B398D81B-B89F-409D-AB47-9DB06E7A0EA8}.Debug|Any CPU.ActiveCfg = Debug|Any CPU
		{B398D81B-B89F-409D-AB47-9DB06E7A0EA8}.Debug|Any CPU.Build.0 = Debug|Any CPU
		{B398D81B-B89F-409D-AB47-9DB06E7A0EA8}.Release|Any CPU.ActiveCfg = Release|Any CPU
		{B398D81B-B89F-409D-AB47-9DB06E7A0EA8}.Release|Any CPU.Build.0 = Release|Any CPU
		{83745296-8F9B-4C89-82AC-10A584D9CE23}.Debug|Any CPU.ActiveCfg = Debug|Any CPU
		{83745296-8F9B-4C89-82AC-10A584D9CE23}.Debug|Any CPU.Build.0 = Debug|Any CPU
		{83745296-8F9B-4C89-82AC-10A584D9CE23}.Release|Any CPU.ActiveCfg = Release|Any CPU
		{83745296-8F9B-4C89-82AC-10A584D9CE23}.Release|Any CPU.Build.0 = Release|Any CPU
		{266C38E5-A279-4C63-9C53-CC8FAE1193D2}.Debug|Any CPU.ActiveCfg = Debug|Any CPU
		{266C38E5-A279-4C63-9C53-CC8FAE1193D2}.Debug|Any CPU.Build.0 = Debug|Any CPU
		{266C38E5-A279-4C63-9C53-CC8FAE1193D2}.Release|Any CPU.ActiveCfg = Release|Any CPU
		{266C38E5-A279-4C63-9C53-CC8FAE1193D2}.Release|Any CPU.Build.0 = Release|Any CPU
		{EAF2F340-9D8C-4FED-B6A1-0A85DE64A40D}.Debug|Any CPU.ActiveCfg = Debug|Any CPU
		{EAF2F340-9D8C-4FED-B6A1-0A85DE64A40D}.Debug|Any CPU.Build.0 = Debug|Any CPU
		{EAF2F340-9D8C-4FED-B6A1-0A85DE64A40D}.Release|Any CPU.ActiveCfg = Release|Any CPU
		{EAF2F340-9D8C-4FED-B6A1-0A85DE64A40D}.Release|Any CPU.Build.0 = Release|Any CPU
		{5B669FBC-D139-4BB0-A673-40C1E0DD023B}.Debug|Any CPU.ActiveCfg = Debug|Any CPU
		{5B669FBC-D139-4BB0-A673-40C1E0DD023B}.Debug|Any CPU.Build.0 = Debug|Any CPU
		{5B669FBC-D139-4BB0-A673-40C1E0DD023B}.Release|Any CPU.ActiveCfg = Release|Any CPU
		{5B669FBC-D139-4BB0-A673-40C1E0DD023B}.Release|Any CPU.Build.0 = Release|Any CPU
		{DFDE306B-58B0-41F9-8287-79C2E8877CEF}.Debug|Any CPU.ActiveCfg = Debug|Any CPU
		{DFDE306B-58B0-41F9-8287-79C2E8877CEF}.Debug|Any CPU.Build.0 = Debug|Any CPU
		{DFDE306B-58B0-41F9-8287-79C2E8877CEF}.Release|Any CPU.ActiveCfg = Release|Any CPU
		{DFDE306B-58B0-41F9-8287-79C2E8877CEF}.Release|Any CPU.Build.0 = Release|Any CPU
		{137CA617-DE46-4466-97AD-99588D94FAA2}.Debug|Any CPU.ActiveCfg = Debug|Any CPU
		{137CA617-DE46-4466-97AD-99588D94FAA2}.Debug|Any CPU.Build.0 = Debug|Any CPU
		{137CA617-DE46-4466-97AD-99588D94FAA2}.Release|Any CPU.ActiveCfg = Release|Any CPU
		{137CA617-DE46-4466-97AD-99588D94FAA2}.Release|Any CPU.Build.0 = Release|Any CPU
		{8B11A39C-A9B9-4E31-B9E6-0F116F165F6C}.Debug|Any CPU.ActiveCfg = Debug|Any CPU
		{8B11A39C-A9B9-4E31-B9E6-0F116F165F6C}.Debug|Any CPU.Build.0 = Debug|Any CPU
		{8B11A39C-A9B9-4E31-B9E6-0F116F165F6C}.Release|Any CPU.ActiveCfg = Release|Any CPU
		{8B11A39C-A9B9-4E31-B9E6-0F116F165F6C}.Release|Any CPU.Build.0 = Release|Any CPU
		{433802D1-DACD-403D-BFD5-1CFF0CA21A72}.Debug|Any CPU.ActiveCfg = Debug|Any CPU
		{433802D1-DACD-403D-BFD5-1CFF0CA21A72}.Debug|Any CPU.Build.0 = Debug|Any CPU
		{433802D1-DACD-403D-BFD5-1CFF0CA21A72}.Release|Any CPU.ActiveCfg = Release|Any CPU
		{433802D1-DACD-403D-BFD5-1CFF0CA21A72}.Release|Any CPU.Build.0 = Release|Any CPU
		{1C580227-9605-49ED-A4AD-28CC51EE02FF}.Debug|Any CPU.ActiveCfg = Debug|Any CPU
		{1C580227-9605-49ED-A4AD-28CC51EE02FF}.Debug|Any CPU.Build.0 = Debug|Any CPU
		{1C580227-9605-49ED-A4AD-28CC51EE02FF}.Release|Any CPU.ActiveCfg = Release|Any CPU
		{1C580227-9605-49ED-A4AD-28CC51EE02FF}.Release|Any CPU.Build.0 = Release|Any CPU
		{BE97AB5E-B2A3-47DC-A300-061F8B44B613}.Debug|Any CPU.ActiveCfg = Debug|Any CPU
		{BE97AB5E-B2A3-47DC-A300-061F8B44B613}.Debug|Any CPU.Build.0 = Debug|Any CPU
		{BE97AB5E-B2A3-47DC-A300-061F8B44B613}.Release|Any CPU.ActiveCfg = Release|Any CPU
		{BE97AB5E-B2A3-47DC-A300-061F8B44B613}.Release|Any CPU.Build.0 = Release|Any CPU
		{1F2C59D9-E8EA-4075-ADF0-057C2F4D2AD0}.Debug|Any CPU.ActiveCfg = Debug|Any CPU
		{1F2C59D9-E8EA-4075-ADF0-057C2F4D2AD0}.Debug|Any CPU.Build.0 = Debug|Any CPU
		{1F2C59D9-E8EA-4075-ADF0-057C2F4D2AD0}.Release|Any CPU.ActiveCfg = Release|Any CPU
		{1F2C59D9-E8EA-4075-ADF0-057C2F4D2AD0}.Release|Any CPU.Build.0 = Release|Any CPU
		{54C41837-C2B1-468D-9AD2-CAEEC563C028}.Debug|Any CPU.ActiveCfg = Debug|Any CPU
		{54C41837-C2B1-468D-9AD2-CAEEC563C028}.Debug|Any CPU.Build.0 = Debug|Any CPU
		{54C41837-C2B1-468D-9AD2-CAEEC563C028}.Release|Any CPU.ActiveCfg = Release|Any CPU
		{54C41837-C2B1-468D-9AD2-CAEEC563C028}.Release|Any CPU.Build.0 = Release|Any CPU
		{E30ED048-49F3-4FCA-AAA5-F2DEC712DCEE}.Debug|Any CPU.ActiveCfg = Debug|Any CPU
		{E30ED048-49F3-4FCA-AAA5-F2DEC712DCEE}.Debug|Any CPU.Build.0 = Debug|Any CPU
		{E30ED048-49F3-4FCA-AAA5-F2DEC712DCEE}.Release|Any CPU.ActiveCfg = Release|Any CPU
		{E30ED048-49F3-4FCA-AAA5-F2DEC712DCEE}.Release|Any CPU.Build.0 = Release|Any CPU
		{95498C4C-3DAF-4845-857F-222A91E501E4}.Debug|Any CPU.ActiveCfg = Debug|Any CPU
		{95498C4C-3DAF-4845-857F-222A91E501E4}.Debug|Any CPU.Build.0 = Debug|Any CPU
		{95498C4C-3DAF-4845-857F-222A91E501E4}.Release|Any CPU.ActiveCfg = Release|Any CPU
		{95498C4C-3DAF-4845-857F-222A91E501E4}.Release|Any CPU.Build.0 = Release|Any CPU
		{E3074CDF-448B-4ECC-A490-E15BD2280CED}.Debug|Any CPU.ActiveCfg = Debug|Any CPU
		{E3074CDF-448B-4ECC-A490-E15BD2280CED}.Debug|Any CPU.Build.0 = Debug|Any CPU
		{E3074CDF-448B-4ECC-A490-E15BD2280CED}.Release|Any CPU.ActiveCfg = Release|Any CPU
		{E3074CDF-448B-4ECC-A490-E15BD2280CED}.Release|Any CPU.Build.0 = Release|Any CPU
		{4D475360-34B4-4A9F-9F74-E9B70EEA09B9}.Debug|Any CPU.ActiveCfg = Debug|Any CPU
		{4D475360-34B4-4A9F-9F74-E9B70EEA09B9}.Debug|Any CPU.Build.0 = Debug|Any CPU
		{4D475360-34B4-4A9F-9F74-E9B70EEA09B9}.Release|Any CPU.ActiveCfg = Release|Any CPU
		{4D475360-34B4-4A9F-9F74-E9B70EEA09B9}.Release|Any CPU.Build.0 = Release|Any CPU
		{4736BBAB-62C6-451D-99FC-8E5BE45FE14F}.Debug|Any CPU.ActiveCfg = Debug|Any CPU
		{4736BBAB-62C6-451D-99FC-8E5BE45FE14F}.Debug|Any CPU.Build.0 = Debug|Any CPU
		{4736BBAB-62C6-451D-99FC-8E5BE45FE14F}.Release|Any CPU.ActiveCfg = Release|Any CPU
		{4736BBAB-62C6-451D-99FC-8E5BE45FE14F}.Release|Any CPU.Build.0 = Release|Any CPU
		{52B766CD-EC6B-4D1A-809C-475AE05A8020}.Debug|Any CPU.ActiveCfg = Debug|Any CPU
		{52B766CD-EC6B-4D1A-809C-475AE05A8020}.Debug|Any CPU.Build.0 = Debug|Any CPU
		{52B766CD-EC6B-4D1A-809C-475AE05A8020}.Release|Any CPU.ActiveCfg = Release|Any CPU
		{52B766CD-EC6B-4D1A-809C-475AE05A8020}.Release|Any CPU.Build.0 = Release|Any CPU
		{400C0155-B7D1-4132-B2AE-3D972396F85F}.Debug|Any CPU.ActiveCfg = Debug|Any CPU
		{400C0155-B7D1-4132-B2AE-3D972396F85F}.Debug|Any CPU.Build.0 = Debug|Any CPU
		{400C0155-B7D1-4132-B2AE-3D972396F85F}.Release|Any CPU.ActiveCfg = Release|Any CPU
		{400C0155-B7D1-4132-B2AE-3D972396F85F}.Release|Any CPU.Build.0 = Release|Any CPU
		{8ECFE60C-E196-4130-B90B-D6708167BF36}.Debug|Any CPU.ActiveCfg = Debug|Any CPU
		{8ECFE60C-E196-4130-B90B-D6708167BF36}.Debug|Any CPU.Build.0 = Debug|Any CPU
		{8ECFE60C-E196-4130-B90B-D6708167BF36}.Release|Any CPU.ActiveCfg = Release|Any CPU
		{8ECFE60C-E196-4130-B90B-D6708167BF36}.Release|Any CPU.Build.0 = Release|Any CPU
		{E08C8A68-F1CD-40E7-9741-33A43B4A4B2C}.Debug|Any CPU.ActiveCfg = Debug|Any CPU
		{E08C8A68-F1CD-40E7-9741-33A43B4A4B2C}.Debug|Any CPU.Build.0 = Debug|Any CPU
		{E08C8A68-F1CD-40E7-9741-33A43B4A4B2C}.Release|Any CPU.ActiveCfg = Release|Any CPU
		{E08C8A68-F1CD-40E7-9741-33A43B4A4B2C}.Release|Any CPU.Build.0 = Release|Any CPU
		{C6325A36-741C-4CC7-9976-4EB43E3E6702}.Debug|Any CPU.ActiveCfg = Debug|Any CPU
		{C6325A36-741C-4CC7-9976-4EB43E3E6702}.Debug|Any CPU.Build.0 = Debug|Any CPU
		{C6325A36-741C-4CC7-9976-4EB43E3E6702}.Release|Any CPU.ActiveCfg = Release|Any CPU
		{C6325A36-741C-4CC7-9976-4EB43E3E6702}.Release|Any CPU.Build.0 = Release|Any CPU
	EndGlobalSection
	GlobalSection(SolutionProperties) = preSolution
		HideSolutionNode = FALSE
	EndGlobalSection
	GlobalSection(ExtensibilityGlobals) = postSolution
		SolutionGuid = {70D517AC-E925-442F-A701-356B41CBD107}
	EndGlobalSection
EndGlobal
